
Microsoft Visual Studio Solution File, Format Version 12.00
# Visual Studio Version 16
VisualStudioVersion = 16.0.29613.14
MinimumVisualStudioVersion = 10.0.40219.1
Project("{FAE04EC0-301F-11D3-BF4B-00C04F79EFBC}") = "GameServer", "GameServer\GameServer.csproj", "{DD37F936-A6B1-4131-938E-637285FB190D}"
EndProject
Global
	GlobalSection(SolutionConfigurationPlatforms) = preSolution
		Debug|Any CPU = Debug|Any CPU
		Release|Any CPU = Release|Any CPU
	EndGlobalSection
	GlobalSection(ProjectConfigurationPlatforms) = postSolution
		{DD37F936-A6B1-4131-938E-637285FB190D}.Debug|Any CPU.ActiveCfg = Debug|Any CPU
		{DD37F936-A6B1-4131-938E-637285FB190D}.Debug|Any CPU.Build.0 = Debug|Any CPU
		{DD37F936-A6B1-4131-938E-637285FB190D}.Release|Any CPU.ActiveCfg = Release|Any CPU
		{DD37F936-A6B1-4131-938E-637285FB190D}.Release|Any CPU.Build.0 = Release|Any CPU
	EndGlobalSection
	GlobalSection(SolutionProperties) = preSolution
		HideSolutionNode = FALSE
	EndGlobalSection
	GlobalSection(ExtensibilityGlobals) = postSolution
		SolutionGuid = {65EBB707-D34B-4566-B62B-CDEBE24E5125}
	EndGlobalSection
EndGlobal
